
Microsoft Visual Studio Solution File, Format Version 12.00
# Visual Studio 14
VisualStudioVersion = 14.0.25420.1
MinimumVisualStudioVersion = 10.0.40219.1
Project("{8BC9CEB8-8B4A-11D0-8D11-00A0C91BC942}") = "msdfgen", "msdfgen.vcxproj", "{84BE2D91-F071-4151-BE12-61460464C494}"
EndProject
Global
	GlobalSection(SolutionConfigurationPlatforms) = preSolution
		Debug Library|x64 = Debug Library|x64
		Debug Library|x86 = Debug Library|x86
		Debug|x64 = Debug|x64
		Debug|x86 = Debug|x86
		Release Library OpenMP|x64 = Release Library OpenMP|x64
		Release Library OpenMP|x86 = Release Library OpenMP|x86
		Release Library|x64 = Release Library|x64
		Release Library|x86 = Release Library|x86
		Release OpenMP|x64 = Release OpenMP|x64
		Release OpenMP|x86 = Release OpenMP|x86
		Release|x64 = Release|x64
		Release|x86 = Release|x86
	EndGlobalSection
	GlobalSection(ProjectConfigurationPlatforms) = postSolution
		{84BE2D91-F071-4151-BE12-61460464C494}.Debug Library|x64.ActiveCfg = Debug Library|x64
		{84BE2D91-F071-4151-BE12-61460464C494}.Debug Library|x64.Build.0 = Debug Library|x64
		{84BE2D91-F071-4151-BE12-61460464C494}.Debug Library|x86.ActiveCfg = Debug Library|Win32
		{84BE2D91-F071-4151-BE12-61460464C494}.Debug Library|x86.Build.0 = Debug Library|Win32
		{84BE2D91-F071-4151-BE12-61460464C494}.Debug|x64.ActiveCfg = Debug|x64
		{84BE2D91-F071-4151-BE12-61460464C494}.Debug|x64.Build.0 = Debug|x64
		{84BE2D91-F071-4151-BE12-61460464C494}.Debug|x86.ActiveCfg = Debug|Win32
		{84BE2D91-F071-4151-BE12-61460464C494}.Debug|x86.Build.0 = Debug|Win32
		{84BE2D91-F071-4151-BE12-61460464C494}.Release Library OpenMP|x64.ActiveCfg = Release Library OpenMP|x64
		{84BE2D91-F071-4151-BE12-61460464C494}.Release Library OpenMP|x64.Build.0 = Release Library OpenMP|x64
		{84BE2D91-F071-4151-BE12-61460464C494}.Release Library OpenMP|x86.ActiveCfg = Release Library OpenMP|Win32
		{84BE2D91-F071-4151-BE12-61460464C494}.Release Library OpenMP|x86.Build.0 = Release Library OpenMP|Win32
		{84BE2D91-F071-4151-BE12-61460464C494}.Release Library|x64.ActiveCfg = Release Library|x64
		{84BE2D91-F071-4151-BE12-61460464C494}.Release Library|x64.Build.0 = Release Library|x64
		{84BE2D91-F071-4151-BE12-61460464C494}.Release Library|x86.ActiveCfg = Release Library|Win32
		{84BE2D91-F071-4151-BE12-61460464C494}.Release Library|x86.Build.0 = Release Library|Win32
		{84BE2D91-F071-4151-BE12-61460464C494}.Release OpenMP|x64.ActiveCfg = Release OpenMP|x64
		{84BE2D91-F071-4151-BE12-61460464C494}.Release OpenMP|x64.Build.0 = Release OpenMP|x64
		{84BE2D91-F071-4151-BE12-61460464C494}.Release OpenMP|x86.ActiveCfg = Release OpenMP|Win32
		{84BE2D91-F071-4151-BE12-61460464C494}.Release OpenMP|x86.Build.0 = Release OpenMP|Win32
		{84BE2D91-F071-4151-BE12-61460464C494}.Release|x64.ActiveCfg = Release|x64
		{84BE2D91-F071-4151-BE12-61460464C494}.Release|x64.Build.0 = Release|x64
		{84BE2D91-F071-4151-BE12-61460464C494}.Release|x86.ActiveCfg = Release|Win32
		{84BE2D91-F071-4151-BE12-61460464C494}.Release|x86.Build.0 = Release|Win32
	EndGlobalSection
	GlobalSection(SolutionProperties) = preSolution
		HideSolutionNode = FALSE
	EndGlobalSection
EndGlobal
